<?xml version="1.0" encoding="UTF-8"?>
<Scheme
   version = "1.3">
   <BuildAction>
      <BuildActionEntries>
         <BuildActionEntry
            buildForRunning = "YES">
            <BuildableReference
               BuildableIdentifier = "primary"
               BlueprintIdentifier = "AFF0787528D07C3F000EE539"
               BuildableName = "MovieTrackingApplication.app"
               BlueprintName = "MovieTrackingApplication"
               ReferencedContainer = "container:MovieTrackingApplication.xcodeproj">
            </BuildableReference>
         </BuildActionEntry>
      </BuildActionEntries>
   </BuildAction>
   <LaunchAction
      useCustomWorkingDirectory = "NO"
      buildConfiguration = "Debug"
      allowLocationSimulation = "YES">
      <BuildableProductRunnable>
         <BuildableReference
            BuildableIdentifier = "primary"
            BlueprintIdentifier = "AFF0787528D07C3F000EE539"
            BuildableName = "MovieTrackingApplication.app"
            BlueprintName = "MovieTrackingApplication"
            ReferencedContainer = "container:MovieTrackingApplication.xcodeproj">
         </BuildableReference>
      </BuildableProductRunnable>
   </LaunchAction>
</Scheme>
